
Microsoft Visual Studio Solution File, Format Version 12.00
# Visual Studio Version 16
VisualStudioVersion = 16.0.31129.286
MinimumVisualStudioVersion = 10.0.40219.1
Project("{FAE04EC0-301F-11D3-BF4B-00C04F79EFBC}") = "FoodProject", "FoodProject\FoodProject.csproj", "{77273EDE-E6D1-44A3-B415-165EE3485AB6}"
EndProject
Global
	GlobalSection(SolutionConfigurationPlatforms) = preSolution
		Debug|Any CPU = Debug|Any CPU
		Release|Any CPU = Release|Any CPU
	EndGlobalSection
	GlobalSection(ProjectConfigurationPlatforms) = postSolution
		{77273EDE-E6D1-44A3-B415-165EE3485AB6}.Debug|Any CPU.ActiveCfg = Debug|Any CPU
		{77273EDE-E6D1-44A3-B415-165EE3485AB6}.Debug|Any CPU.Build.0 = Debug|Any CPU
		{77273EDE-E6D1-44A3-B415-165EE3485AB6}.Release|Any CPU.ActiveCfg = Release|Any CPU
		{77273EDE-E6D1-44A3-B415-165EE3485AB6}.Release|Any CPU.Build.0 = Release|Any CPU
	EndGlobalSection
	GlobalSection(SolutionProperties) = preSolution
		HideSolutionNode = FALSE
	EndGlobalSection
	GlobalSection(ExtensibilityGlobals) = postSolution
		SolutionGuid = {199751FC-42EE-4126-B09C-A936A384CE19}
	EndGlobalSection
EndGlobal
